
Microsoft Visual Studio Solution File, Format Version 12.00
# Visual Studio Version 16
VisualStudioVersion = 16.0.32510.428
MinimumVisualStudioVersion = 10.0.40219.1
Project("{FAE04EC0-301F-11D3-BF4B-00C04F79EFBC}") = "ERP_App", "ERP_App\ERP_App.csproj", "{A3EFCEDC-E1C7-4378-A986-34DC165C442E}"
EndProject
Project("{FAE04EC0-301F-11D3-BF4B-00C04F79EFBC}") = "DataBaseLayer", "DataBaseLayer\DataBaseLayer.csproj", "{0D759B6E-C6DC-49E7-AA27-8227D62E5443}"
EndProject
Global
	GlobalSection(SolutionConfigurationPlatforms) = preSolution
		Debug|Any CPU = Debug|Any CPU
		Release|Any CPU = Release|Any CPU
	EndGlobalSection
	GlobalSection(ProjectConfigurationPlatforms) = postSolution
		{A3EFCEDC-E1C7-4378-A986-34DC165C442E}.Debug|Any CPU.ActiveCfg = Debug|Any CPU
		{A3EFCEDC-E1C7-4378-A986-34DC165C442E}.Debug|Any CPU.Build.0 = Debug|Any CPU
		{A3EFCEDC-E1C7-4378-A986-34DC165C442E}.Release|Any CPU.ActiveCfg = Release|Any CPU
		{A3EFCEDC-E1C7-4378-A986-34DC165C442E}.Release|Any CPU.Build.0 = Release|Any CPU
		{0D759B6E-C6DC-49E7-AA27-8227D62E5443}.Debug|Any CPU.ActiveCfg = Debug|Any CPU
		{0D759B6E-C6DC-49E7-AA27-8227D62E5443}.Debug|Any CPU.Build.0 = Debug|Any CPU
		{0D759B6E-C6DC-49E7-AA27-8227D62E5443}.Release|Any CPU.ActiveCfg = Release|Any CPU
		{0D759B6E-C6DC-49E7-AA27-8227D62E5443}.Release|Any CPU.Build.0 = Release|Any CPU
	EndGlobalSection
	GlobalSection(SolutionProperties) = preSolution
		HideSolutionNode = FALSE
	EndGlobalSection
	GlobalSection(ExtensibilityGlobals) = postSolution
		SolutionGuid = {1B41D6F8-DC81-472C-A389-9BBC0191A366}
	EndGlobalSection
EndGlobal
